
Microsoft Visual Studio Solution File, Format Version 12.00
# Visual Studio Version 17
VisualStudioVersion = 17.4.33403.182
MinimumVisualStudioVersion = 10.0.40219.1
Project("{FAE04EC0-301F-11D3-BF4B-00C04F79EFBC}") = "FreelanceProject.API", "FreelanceProject\FreelanceProject.API.csproj", "{E2D4BA8D-4214-4C9A-AD04-7506574A4E86}"
EndProject
Project("{FAE04EC0-301F-11D3-BF4B-00C04F79EFBC}") = "FreelanceProject.DAL", "FreelanceProject.DAL\FreelanceProject.DAL.csproj", "{056924EE-AC6B-48BB-A20E-B2EB816CD647}"
EndProject
Global
	GlobalSection(SolutionConfigurationPlatforms) = preSolution
		Debug|Any CPU = Debug|Any CPU
		Release|Any CPU = Release|Any CPU
	EndGlobalSection
	GlobalSection(ProjectConfigurationPlatforms) = postSolution
		{E2D4BA8D-4214-4C9A-AD04-7506574A4E86}.Debug|Any CPU.ActiveCfg = Debug|Any CPU
		{E2D4BA8D-4214-4C9A-AD04-7506574A4E86}.Debug|Any CPU.Build.0 = Debug|Any CPU
		{E2D4BA8D-4214-4C9A-AD04-7506574A4E86}.Release|Any CPU.ActiveCfg = Release|Any CPU
		{E2D4BA8D-4214-4C9A-AD04-7506574A4E86}.Release|Any CPU.Build.0 = Release|Any CPU
		{056924EE-AC6B-48BB-A20E-B2EB816CD647}.Debug|Any CPU.ActiveCfg = Debug|Any CPU
		{056924EE-AC6B-48BB-A20E-B2EB816CD647}.Debug|Any CPU.Build.0 = Debug|Any CPU
		{056924EE-AC6B-48BB-A20E-B2EB816CD647}.Release|Any CPU.ActiveCfg = Release|Any CPU
		{056924EE-AC6B-48BB-A20E-B2EB816CD647}.Release|Any CPU.Build.0 = Release|Any CPU
	EndGlobalSection
	GlobalSection(SolutionProperties) = preSolution
		HideSolutionNode = FALSE
	EndGlobalSection
	GlobalSection(ExtensibilityGlobals) = postSolution
		SolutionGuid = {6F8FEA66-7088-4015-8159-76EAA3E3F743}
	EndGlobalSection
EndGlobal
